
Microsoft Visual Studio Solution File, Format Version 12.00
# Visual Studio Version 17
VisualStudioVersion = 17.9.34622.214
MinimumVisualStudioVersion = 10.0.40219.1
Project("{9A19103F-16F7-4668-BE54-9A1E7A4F7556}") = "SeniorBackend.WebApi", "SeniorBackend.WebApi\SeniorBackend.WebApi.csproj", "{78651E13-4132-4DC4-8BDE-2D22CB8285AB}"
EndProject
Project("{FAE04EC0-301F-11D3-BF4B-00C04F79EFBC}") = "SeniorBackend.Core", "SeniorBackend.Core\SeniorBackend.Core.csproj", "{7F2149AA-1B69-408D-A823-E32DD69C4CEC}"
EndProject
Project("{FAE04EC0-301F-11D3-BF4B-00C04F79EFBC}") = "SeniorBackend.Infrastructure", "SeniorBackend.Infrastructure\SeniorBackend.Infrastructure.csproj", "{8EBC4203-9926-4944-88A2-F766A337754B}"
EndProject
Global
	GlobalSection(SolutionConfigurationPlatforms) = preSolution
		Debug|Any CPU = Debug|Any CPU
		Release|Any CPU = Release|Any CPU
	EndGlobalSection
	GlobalSection(ProjectConfigurationPlatforms) = postSolution
		{78651E13-4132-4DC4-8BDE-2D22CB8285AB}.Debug|Any CPU.ActiveCfg = Debug|Any CPU
		{78651E13-4132-4DC4-8BDE-2D22CB8285AB}.Debug|Any CPU.Build.0 = Debug|Any CPU
		{78651E13-4132-4DC4-8BDE-2D22CB8285AB}.Release|Any CPU.ActiveCfg = Release|Any CPU
		{78651E13-4132-4DC4-8BDE-2D22CB8285AB}.Release|Any CPU.Build.0 = Release|Any CPU
		{7F2149AA-1B69-408D-A823-E32DD69C4CEC}.Debug|Any CPU.ActiveCfg = Debug|Any CPU
		{7F2149AA-1B69-408D-A823-E32DD69C4CEC}.Debug|Any CPU.Build.0 = Debug|Any CPU
		{7F2149AA-1B69-408D-A823-E32DD69C4CEC}.Release|Any CPU.ActiveCfg = Release|Any CPU
		{7F2149AA-1B69-408D-A823-E32DD69C4CEC}.Release|Any CPU.Build.0 = Release|Any CPU
		{8EBC4203-9926-4944-88A2-F766A337754B}.Debug|Any CPU.ActiveCfg = Debug|Any CPU
		{8EBC4203-9926-4944-88A2-F766A337754B}.Debug|Any CPU.Build.0 = Debug|Any CPU
		{8EBC4203-9926-4944-88A2-F766A337754B}.Release|Any CPU.ActiveCfg = Release|Any CPU
		{8EBC4203-9926-4944-88A2-F766A337754B}.Release|Any CPU.Build.0 = Release|Any CPU
	EndGlobalSection
	GlobalSection(SolutionProperties) = preSolution
		HideSolutionNode = FALSE
	EndGlobalSection
	GlobalSection(ExtensibilityGlobals) = postSolution
		SolutionGuid = {97F2D49C-8E5A-42E7-9143-2ADF52195E63}
	EndGlobalSection
EndGlobal
